
Microsoft Visual Studio Solution File, Format Version 12.00
# Visual Studio Version 17
VisualStudioVersion = 17.0.31903.59
MinimumVisualStudioVersion = 10.0.40219.1
Project("{FAE04EC0-301F-11D3-BF4B-00C04F79EFBC}") = "homework3.tests", "..\..\tests\homework3.tests\homework3.tests.csproj", "{E88A32B9-AA09-466C-B026-B846DA008828}"
EndProject
Project("{FAE04EC0-301F-11D3-BF4B-00C04F79EFBC}") = "homework3", "homework3.csproj", "{02374E06-482C-4211-A173-A191DA4230E5}"
EndProject
Global
	GlobalSection(SolutionConfigurationPlatforms) = preSolution
		Debug|Any CPU = Debug|Any CPU
		Release|Any CPU = Release|Any CPU
	EndGlobalSection
	GlobalSection(SolutionProperties) = preSolution
		HideSolutionNode = FALSE
	EndGlobalSection
	GlobalSection(ProjectConfigurationPlatforms) = postSolution
		{E88A32B9-AA09-466C-B026-B846DA008828}.Debug|Any CPU.ActiveCfg = Debug|Any CPU
		{E88A32B9-AA09-466C-B026-B846DA008828}.Debug|Any CPU.Build.0 = Debug|Any CPU
		{E88A32B9-AA09-466C-B026-B846DA008828}.Release|Any CPU.ActiveCfg = Release|Any CPU
		{E88A32B9-AA09-466C-B026-B846DA008828}.Release|Any CPU.Build.0 = Release|Any CPU
		{02374E06-482C-4211-A173-A191DA4230E5}.Debug|Any CPU.ActiveCfg = Debug|Any CPU
		{02374E06-482C-4211-A173-A191DA4230E5}.Debug|Any CPU.Build.0 = Debug|Any CPU
		{02374E06-482C-4211-A173-A191DA4230E5}.Release|Any CPU.ActiveCfg = Release|Any CPU
		{02374E06-482C-4211-A173-A191DA4230E5}.Release|Any CPU.Build.0 = Release|Any CPU
	EndGlobalSection
EndGlobal
