
Microsoft Visual Studio Solution File, Format Version 12.00
# Visual Studio Version 17
VisualStudioVersion = 17.5.002.0
MinimumVisualStudioVersion = 10.0.40219.1
Project("{9A19103F-16F7-4668-BE54-9A1E7A4F7556}") = "test2", "test2.csproj", "{8A833E77-F3B1-4F6E-9FF6-CF82AC49CA53}"
EndProject
Project("{FAE04EC0-301F-11D3-BF4B-00C04F79EFBC}") = "test2.tests", "..\..\tests\test2.tests\test2.tests.csproj", "{95DEBA87-8AD0-4D20-9CFA-3D6DD2910E24}"
EndProject
Global
	GlobalSection(SolutionConfigurationPlatforms) = preSolution
		Debug|Any CPU = Debug|Any CPU
		Release|Any CPU = Release|Any CPU
	EndGlobalSection
	GlobalSection(ProjectConfigurationPlatforms) = postSolution
		{8A833E77-F3B1-4F6E-9FF6-CF82AC49CA53}.Debug|Any CPU.ActiveCfg = Debug|Any CPU
		{8A833E77-F3B1-4F6E-9FF6-CF82AC49CA53}.Debug|Any CPU.Build.0 = Debug|Any CPU
		{8A833E77-F3B1-4F6E-9FF6-CF82AC49CA53}.Release|Any CPU.ActiveCfg = Release|Any CPU
		{8A833E77-F3B1-4F6E-9FF6-CF82AC49CA53}.Release|Any CPU.Build.0 = Release|Any CPU
		{95DEBA87-8AD0-4D20-9CFA-3D6DD2910E24}.Debug|Any CPU.ActiveCfg = Debug|Any CPU
		{95DEBA87-8AD0-4D20-9CFA-3D6DD2910E24}.Debug|Any CPU.Build.0 = Debug|Any CPU
		{95DEBA87-8AD0-4D20-9CFA-3D6DD2910E24}.Release|Any CPU.ActiveCfg = Release|Any CPU
		{95DEBA87-8AD0-4D20-9CFA-3D6DD2910E24}.Release|Any CPU.Build.0 = Release|Any CPU
	EndGlobalSection
	GlobalSection(SolutionProperties) = preSolution
		HideSolutionNode = FALSE
	EndGlobalSection
	GlobalSection(ExtensibilityGlobals) = postSolution
		SolutionGuid = {217488E8-960D-48C2-BBB2-C08EEF78AB5C}
	EndGlobalSection
EndGlobal
